// !$*UTF8*$!
{
	archiveVersion = 1;
	classes = {
	};
	objectVersion = 46;
	objects = {

/* Begin PBXBuildFile section */
		E9159F96204FCBF200E548DB /* AppDelegate.swift in Sources */ = {isa = PBXBuildFile; fileRef = E9159F95204FCBF200E548DB /* AppDelegate.swift */; };
		E9159F98204FCBF200E548DB /* ViewController.swift in Sources */ = {isa = PBXBuildFile; fileRef = E9159F97204FCBF200E548DB /* ViewController.swift */; };
		E9159F9B204FCBF200E548DB /* Main.storyboard in Resources */ = {isa = PBXBuildFile; fileRef = E9159F99204FCBF200E548DB /* Main.storyboard */; };
		E9159F9D204FCBF200E548DB /* Assets.xcassets in Resources */ = {isa = PBXBuildFile; fileRef = E9159F9C204FCBF200E548DB /* Assets.xcassets */; };
		E9159FA0204FCBF200E548DB /* LaunchScreen.storyboard in Resources */ = {isa = PBXBuildFile; fileRef = E9159F9E204FCBF200E548DB /* LaunchScreen.storyboard */; };
/* End PBXBuildFile section */

/* Begin PBXFileReference section */
		E9159F92204FCBF200E548DB /* Myproject.app */ = {isa = PBXFileReference; explicitFileType = wrapper.application; includeInIndex = 0; path = Myproject.app; sourceTree = BUILT_PRODUCTS_DIR; };
		E9159F95204FCBF200E548DB /* AppDelegate.swift */ = {isa = PBXFileReference; lastKnownFileType = sourcecode.swift; path = AppDelegate.swift; sourceTree = "<group>"; };
		E9159F97204FCBF200E548DB /* ViewController.swift */ = {isa = PBXFileReference; lastKnownFileType = sourcecode.swift; path = ViewController.swift; sourceTree = "<group>"; };
		E9159F9A204FCBF200E548DB /* Base */ = {isa = PBXFileReference; lastKnownFileType = file.storyboard; name = Base; path = Base.lproj/Main.storyboard; sourceTree = "<group>"; };
		E9159F9C204FCBF200E548DB /* Assets.xcassets */ = {isa = PBXFileReference; lastKnownFileType = folder.assetcatalog; path = Assets.xcassets; sourceTree = "<group>"; };
		E9159F9F204FCBF200E548DB /* Base */ = {isa = PBXFileReference; lastKnownFileType = file.storyboard; name = Base; path = Base.lproj/LaunchScreen.storyboard; sourceTree = "<group>"; };
		E9159FA1204FCBF200E548DB /* Info.plist */ = {isa = PBXFileReference; lastKnownFileType = text.plist.xml; path = Info.plist; sourceTree = "<group>"; };
/* End PBXFileReference section */

/* Begin PBXFrameworksBuildPhase section */
		E9159F8F204FCBF200E548DB /* Frameworks */ = {
			isa = PBXFrameworksBuildPhase;
			buildActionMask = 2147483647;
			files = (
			);
			runOnlyForDeploymentPostprocessing = 0;
		};
/* End PBXFrameworksBuildPhase section */

/* Begin PBXGroup section */
		E9159F89204FCBF200E548DB = {
			isa = PBXGroup;
			children = (
				E9159F94204FCBF200E548DB /* Myproject */,
				E9159F93204FCBF200E548DB /* Products */,
			);
			sourceTree = "<group>";
		};
		E9159F93204FCBF200E548DB /* Products */ = {
			isa = PBXGroup;
			children = (
				E9159F92204FCBF200E548DB /* Myproject.app */,
			);
			name = Products;
			sourceTree = "<group>";
		};
		E9159F94204FCBF200E548DB /* Myproject */ = {
			isa = PBXGroup;
			children = (
				E9159F95204FCBF200E548DB /* AppDelegate.swift */,
				E9159F97204FCBF200E548DB /* ViewController.swift */,
				E9159F99204FCBF200E548DB /* Main.storyboard */,
				E9159F9C204FCBF200E548DB /* Assets.xcassets */,
				E9159F9E204FCBF200E548DB /* LaunchScreen.storyboard */,
				E9159FA1204FCBF200E548DB /* Info.plist */,
			);
			path = Myproject;
			sourceTree = "<group>";
		};
/* End PBXGroup section */

/* Begin PBXNativeTarget section */
		E9159F91204FCBF200E548DB /* Myproject */ = {
			isa = PBXNativeTarget;
			buildConfigurationList = E9159FA4204FCBF200E548DB /* Build configuration list for PBXNativeTarget "Myproject" */;
			buildPhases = (
				E9159F8E204FCBF200E548DB /* Sources */,
				E9159F8F204FCBF200E548DB /* Frameworks */,
				E9159F90204FCBF200E548DB /* Resources */,
			);
			buildRules = (
			);
			dependencies = (
			);
			name = Myproject;
			productName = Myproject;
			productReference = E9159F92204FCBF200E548DB /* Myproject.app */;
			productType = "com.apple.product-type.application";
		};
/* End PBXNativeTarget section */

/* Begin PBXProject section */
		E9159F8A204FCBF200E548DB /* Project object */ = {
			isa = PBXProject;
			attributes = {
				LastSwiftUpdateCheck = 0830;
				LastUpgradeCheck = 0830;
				ORGANIZATIONNAME = gdcp;
				TargetAttributes = {
					E9159F91204FCBF200E548DB = {
						CreatedOnToolsVersion = 8.3.3;
						ProvisioningStyle = Automatic;
					};
				};
			};
			buildConfigurationList = E9159F8D204FCBF200E548DB /* Build configuration list for PBXProject "Myproject" */;
			compatibilityVersion = "Xcode 3.2";
			developmentRegion = English;
			hasScannedForEncodings = 0;
			knownRegions = (
				en,
				Base,
			);
			mainGroup = E9159F89204FCBF200E548DB;
			productRefGroup = E9159F93204FCBF200E548DB /* Products */;
			projectDirPath = "";
			projectRoot = "";
			targets = (
				E9159F91204FCBF200E548DB /* Myproject */,
			);
		};
/* End PBXProject section */

/* Begin PBXResourcesBuildPhase section */
		E9159F90204FCBF200E548DB /* Resources */ = {
			isa = PBXResourcesBuildPhase;
			buildActionMask = 2147483647;
			files = (
				E9159FA0204FCBF200E548DB /* LaunchScreen.storyboard in Resources */,
				E9159F9D204FCBF200E548DB /* Assets.xcassets in Resources */,
				E9159F9B204FCBF200E548DB /* Main.storyboard in Resources */,
			);
			runOnlyForDeploymentPostprocessing = 0;
		};
/* End PBXResourcesBuildPhase section */

/* Begin PBXSourcesBuildPhase section */
		E9159F8E204FCBF200E548DB /* Sources */ = {
			isa = PBXSourcesBuildPhase;
			buildActionMask = 2147483647;
			files = (
				E9159F98204FCBF200E548DB /* ViewController.swift in Sources */,
				E9159F96204FCBF200E548DB /* AppDelegate.swift in Sources */,
			);
			runOnlyForDeploymentPostprocessing = 0;
		};
/* End PBXSourcesBuildPhase section */

/* Begin PBXVariantGroup section */
		E9159F99204FCBF200E548DB /* Main.storyboard */ = {
			isa = PBXVariantGroup;
			children = (
				E9159F9A204FCBF200E548DB /* Base */,
			);
			name = Main.storyboard;
			sourceTree = "<group>";
		};
		E9159F9E204FCBF200E548DB /* LaunchScreen.storyboard */ = {
			isa = PBXVariantGroup;
			children = (
				E9159F9F204FCBF200E548DB /* Base */,
			);
			name = LaunchScreen.storyboard;
			sourceTree = "<group>";
		};
/* End PBXVariantGroup section */

/* Begin XCBuildConfiguration section */
		E9159FA2204FCBF200E548DB /* Debug */ = {
			isa = XCBuildConfiguration;
			buildSettings = {
				ALWAYS_SEARCH_USER_PATHS = NO;
				CLANG_ANALYZER_NONNULL = YES;
				CLANG_ANALYZER_NUMBER_OBJECT_CONVERSION = YES_AGGRESSIVE;
				CLANG_CXX_LANGUAGE_STANDARD = "gnu++0x";
				CLANG_CXX_LIBRARY = "libc++";
				CLANG_ENABLE_MODULES = YES;
				CLANG_ENABLE_OBJC_ARC = YES;
				CLANG_WARN_BOOL_CONVERSION = YES;
				CLANG_WARN_CONSTANT_CONVERSION = YES;
				CLANG_WARN_DIRECT_OBJC_ISA_USAGE = YES_ERROR;
				CLANG_WARN_DOCUMENTATION_COMMENTS = YES;
				CLANG_WARN_EMPTY_BODY = YES;
				CLANG_WARN_ENUM_CONVERSION = YES;
				CLANG_WARN_INFINITE_RECURSION = YES;
				CLANG_WARN_INT_CONVERSION = YES;
				CLANG_WARN_OBJC_ROOT_CLASS = YES_ERROR;
				CLANG_WARN_SUSPICIOUS_MOVE = YES;
				CLANG_WARN_UNREACHABLE_CODE = YES;
				CLANG_WARN__DUPLICATE_METHOD_MATCH = YES;
				"CODE_SIGN_IDENTITY[sdk=iphoneos*]" = "iPhone Developer";
				COPY_PHASE_STRIP = NO;
				DEBUG_INFORMATION_FORMAT = dwarf;
				ENABLE_STRICT_OBJC_MSGSEND = YES;
				ENABLE_TESTABILITY = YES;
				GCC_C_LANGUAGE_STANDARD = gnu99;
				GCC_DYNAMIC_NO_PIC = NO;
				GCC_NO_COMMON_BLOCKS = YES;
				GCC_OPTIMIZATION_LEVEL = 0;
				GCC_PREPROCESSOR_DEFINITIONS = (
					"DEBUG=1",
					"$(inherited)",
				);
				GCC_WARN_64_TO_32_BIT_CONVERSION = YES;
				GCC_WARN_ABOUT_RETURN_TYPE = YES_ERROR;
				GCC_WARN_UNDECLARED_SELECTOR = YES;
				GCC_WARN_UNINITIALIZED_AUTOS = YES_AGGRESSIVE;
				GCC_WARN_UNUSED_FUNCTION = YES;
				GCC_WARN_UNUSED_VARIABLE = YES;
				IPHONEOS_DEPLOYMENT_TARGET = 10.3;
				MTL_ENABLE_DEBUG_INFO = YES;
				ONLY_ACTIVE_ARCH = YES;
				SDKROOT = iphoneos;
				SWIFT_ACTIVE_COMPILATION_CONDITIONS = DEBUG;
				SWIFT_OPTIMIZATION_LEVEL = "-Onone";
				TARGETED_DEVICE_FAMILY = "1,2";
			};
			name = Debug;
		};
		E9159FA3204FCBF200E548DB /* Release */ = {
			isa = XCBuildConfiguration;
			buildSettings = {
				ALWAYS_SEARCH_USER_PATHS = NO;
				CLANG_ANALYZER_NONNULL = YES;
				CLANG_ANALYZER_NUMBER_OBJECT_CONVERSION = YES_AGGRESSIVE;
				CLANG_CXX_LANGUAGE_STANDARD = "gnu++0x";
				CLANG_CXX_LIBRARY = "libc++";
				CLANG_ENABLE_MODULES = YES;
				CLANG_ENABLE_OBJC_ARC = YES;
				CLANG_WARN_BOOL_CONVERSION = YES;
				CLANG_WARN_CONSTANT_CONVERSION = YES;
				CLANG_WARN_DIRECT_OBJC_ISA_USAGE = YES_ERROR;
				CLANG_WARN_DOCUMENTATION_COMMENTS = YES;
				CLANG_WARN_EMPTY_BODY = YES;
				CLANG_WARN_ENUM_CONVERSION = YES;
				CLANG_WARN_INFINITE_RECURSION = YES;
				CLANG_WARN_INT_CONVERSION = YES;
				CLANG_WARN_OBJC_ROOT_CLASS = YES_ERROR;
				CLANG_WARN_SUSPICIOUS_MOVE = YES;
				CLANG_WARN_UNREACHABLE_CODE = YES;
				CLANG_WARN__DUPLICATE_METHOD_MATCH = YES;
				"CODE_SIGN_IDENTITY[sdk=iphoneos*]" = "iPhone Developer";
				COPY_PHASE_STRIP = NO;
				DEBUG_INFORMATION_FORMAT = "dwarf-with-dsym";
				ENABLE_NS_ASSERTIONS = NO;
				ENABLE_STRICT_OBJC_MSGSEND = YES;
				GCC_C_LANGUAGE_STANDARD = gnu99;
				GCC_NO_COMMON_BLOCKS = YES;
				GCC_WARN_64_TO_32_BIT_CONVERSION = YES;
				GCC_WARN_ABOUT_RETURN_TYPE = YES_ERROR;
				GCC_WARN_UNDECLARED_SELECTOR = YES;
				GCC_WARN_UNINITIALIZED_AUTOS = YES_AGGRESSIVE;
				GCC_WARN_UNUSED_FUNCTION = YES;
				GCC_WARN_UNUSED_VARIABLE = YES;
				IPHONEOS_DEPLOYMENT_TARGET = 10.3;
				MTL_ENABLE_DEBUG_INFO = NO;
				SDKROOT = iphoneos;
				SWIFT_OPTIMIZATION_LEVEL = "-Owholemodule";
				TARGETED_DEVICE_FAMILY = "1,2";
				VALIDATE_PRODUCT = YES;
			};
			name = Release;
		};
		E9159FA5204FCBF200E548DB /* Debug */ = {
			isa = XCBuildConfiguration;
			buildSettings = {
				ASSETCATALOG_COMPILER_APPICON_NAME = AppIcon;
				INFOPLIST_FILE = Myproject/Info.plist;
				LD_RUNPATH_SEARCH_PATHS = "$(inherited) @executable_path/Frameworks";
				PRODUCT_BUNDLE_IDENTIFIER = gdcp.Myproject;
				PRODUCT_NAME = "$(TARGET_NAME)";
				SWIFT_VERSION = 3.0;
			};
			name = Debug;
		};
		E9159FA6204FCBF200E548DB /* Release */ = {
			isa = XCBuildConfiguration;
			buildSettings = {
				ASSETCATALOG_COMPILER_APPICON_NAME = AppIcon;
				INFOPLIST_FILE = Myproject/Info.plist;
				LD_RUNPATH_SEARCH_PATHS = "$(inherited) @executable_path/Frameworks";
				PRODUCT_BUNDLE_IDENTIFIER = gdcp.Myproject;
				PRODUCT_NAME = "$(TARGET_NAME)";
				SWIFT_VERSION = 3.0;
			};
			name = Release;
		};
/* End XCBuildConfiguration section */

/* Begin XCConfigurationList section */
		E9159F8D204FCBF200E548DB /* Build configuration list for PBXProject "Myproject" */ = {
			isa = XCConfigurationList;
			buildConfigurations = (
				E9159FA2204FCBF200E548DB /* Debug */,
				E9159FA3204FCBF200E548DB /* Release */,
			);
			defaultConfigurationIsVisible = 0;
			defaultConfigurationName = Release;
		};
		E9159FA4204FCBF200E548DB /* Build configuration list for PBXNativeTarget "Myproject" */ = {
			isa = XCConfigurationList;
			buildConfigurations = (
				E9159FA5204FCBF200E548DB /* Debug */,
				E9159FA6204FCBF200E548DB /* Release */,
			);
			defaultConfigurationIsVisible = 0;
		};
/* End XCConfigurationList section */
	};
	rootObject = E9159F8A204FCBF200E548DB /* Project object */;
}
